PODS:
  - Alamofire (5.7.1)
  - AlamofireImage (4.2.0):
    - Alamofire (~> 5.4)
  - PromiseKit (8.1.1):
    - PromiseKit/CorePromise (= 8.1.1)
    - PromiseKit/Foundation (= 8.1.1)
    - PromiseKit/UIKit (= 8.1.1)
  - PromiseKit/CorePromise (8.1.1)
  - PromiseKit/Foundation (8.1.1):
    - PromiseKit/CorePromise
  - PromiseKit/UIKit (8.1.1):
    - PromiseKit/CorePromise

DEPENDENCIES:
  - Alamofire (~> 5.0)
  - AlamofireImage (~> 4.0)
  - PromiseKit

SPEC REPOS:
  trunk:
    - Alamofire
    - AlamofireImage
    - PromiseKit

SPEC CHECKSUMS:
  Alamofire: 0123a34370cb170936ae79a8df46cc62b2edeb88
  AlamofireImage: 34a2d90b0e5fe6a5605f85ae4b7b01e784c60192
  PromiseKit: d1be44b474e5acfa16adf007a1f49f104e10fead

PODFILE CHECKSUM: 1bcce49d3d998ae86832a38b7c3770b593a55bf4

COCOAPODS: 1.14.3
